
Microsoft Visual Studio Solution File, Format Version 12.00
# Visual Studio Version 16
VisualStudioVersion = 16.0.31624.102
MinimumVisualStudioVersion = 10.0.40219.1
Project("{FAE04EC0-301F-11D3-BF4B-00C04F79EFBC}") = "GUI", "GUI.csproj", "{C183C05F-DF8E-4463-90AB-3B44A4C6CF48}"
EndProject
Global
	GlobalSection(SolutionConfigurationPlatforms) = preSolution
		Debug|Any CPU = Debug|Any CPU
		Release|Any CPU = Release|Any CPU
	EndGlobalSection
	GlobalSection(ProjectConfigurationPlatforms) = postSolution
		{C183C05F-DF8E-4463-90AB-3B44A4C6CF48}.Debug|Any CPU.ActiveCfg = Debug|Any CPU
		{C183C05F-DF8E-4463-90AB-3B44A4C6CF48}.Debug|Any CPU.Build.0 = Debug|Any CPU
		{C183C05F-DF8E-4463-90AB-3B44A4C6CF48}.Release|Any CPU.ActiveCfg = Release|Any CPU
		{C183C05F-DF8E-4463-90AB-3B44A4C6CF48}.Release|Any CPU.Build.0 = Release|Any CPU
	EndGlobalSection
	GlobalSection(SolutionProperties) = preSolution
		HideSolutionNode = FALSE
	EndGlobalSection
	GlobalSection(ExtensibilityGlobals) = postSolution
		SolutionGuid = {1C57416A-807F-4C5C-ABAC-FCBE3D8C0590}
	EndGlobalSection
EndGlobal
